
Microsoft Visual Studio Solution File, Format Version 12.00
# Visual Studio Version 16
VisualStudioVersion = 16.0.31624.102
MinimumVisualStudioVersion = 10.0.40219.1
Project("{FAE04EC0-301F-11D3-BF4B-00C04F79EFBC}") = "Rocky", "Rocky\Rocky.csproj", "{BAD2418C-4072-49CA-8F59-9EBC741B1BF0}"
EndProject
Global
	GlobalSection(SolutionConfigurationPlatforms) = preSolution
		Debug|Any CPU = Debug|Any CPU
		Release|Any CPU = Release|Any CPU
	EndGlobalSection
	GlobalSection(ProjectConfigurationPlatforms) = postSolution
		{BAD2418C-4072-49CA-8F59-9EBC741B1BF0}.Debug|Any CPU.ActiveCfg = Debug|Any CPU
		{BAD2418C-4072-49CA-8F59-9EBC741B1BF0}.Debug|Any CPU.Build.0 = Debug|Any CPU
		{BAD2418C-4072-49CA-8F59-9EBC741B1BF0}.Release|Any CPU.ActiveCfg = Release|Any CPU
		{BAD2418C-4072-49CA-8F59-9EBC741B1BF0}.Release|Any CPU.Build.0 = Release|Any CPU
	EndGlobalSection
	GlobalSection(SolutionProperties) = preSolution
		HideSolutionNode = FALSE
	EndGlobalSection
	GlobalSection(ExtensibilityGlobals) = postSolution
		SolutionGuid = {D8DE767B-AA84-479B-92EA-3A15A01F51C6}
	EndGlobalSection
EndGlobal
